
Microsoft Visual Studio Solution File, Format Version 12.00
# Visual Studio Version 17
VisualStudioVersion = 17.11.35312.102
MinimumVisualStudioVersion = 10.0.40219.1
Project("{FAE04EC0-301F-11D3-BF4B-00C04F79EFBC}") = "ExampleOOPconsole", "ExampleOPPconsole\ExampleOOPconsole.csproj", "{3877F7C8-1AA6-48E0-BA0A-27584DF2A8B4}"
EndProject
Project("{FAE04EC0-301F-11D3-BF4B-00C04F79EFBC}") = "ExampleOOPlibrary", "ExampleOOPlibrary\ExampleOOPlibrary.csproj", "{25B76FDA-942E-46A3-A85F-E31017DD3958}"
EndProject
Global
	GlobalSection(SolutionConfigurationPlatforms) = preSolution
		Debug|Any CPU = Debug|Any CPU
		Release|Any CPU = Release|Any CPU
	EndGlobalSection
	GlobalSection(ProjectConfigurationPlatforms) = postSolution
		{3877F7C8-1AA6-48E0-BA0A-27584DF2A8B4}.Debug|Any CPU.ActiveCfg = Debug|Any CPU
		{3877F7C8-1AA6-48E0-BA0A-27584DF2A8B4}.Debug|Any CPU.Build.0 = Debug|Any CPU
		{3877F7C8-1AA6-48E0-BA0A-27584DF2A8B4}.Release|Any CPU.ActiveCfg = Release|Any CPU
		{3877F7C8-1AA6-48E0-BA0A-27584DF2A8B4}.Release|Any CPU.Build.0 = Release|Any CPU
		{25B76FDA-942E-46A3-A85F-E31017DD3958}.Debug|Any CPU.ActiveCfg = Debug|Any CPU
		{25B76FDA-942E-46A3-A85F-E31017DD3958}.Debug|Any CPU.Build.0 = Debug|Any CPU
		{25B76FDA-942E-46A3-A85F-E31017DD3958}.Release|Any CPU.ActiveCfg = Release|Any CPU
		{25B76FDA-942E-46A3-A85F-E31017DD3958}.Release|Any CPU.Build.0 = Release|Any CPU
	EndGlobalSection
	GlobalSection(SolutionProperties) = preSolution
		HideSolutionNode = FALSE
	EndGlobalSection
	GlobalSection(ExtensibilityGlobals) = postSolution
		SolutionGuid = {1026D841-EDF2-4D68-B61E-281043CF3679}
	EndGlobalSection
EndGlobal
